Microsoft Visual Studio Solution File, Format Version 12.00
# Visual Studio Version 17
VisualStudioVersion = 17.5.2.0
MinimumVisualStudioVersion = 10.0.40219.1
Project("{FAE04EC0-301F-11D3-BF4B-00C04F79EFBC}") = "course-gh-actions", "course-gh-actions.csproj", "{56D5842C-6002-A30F-8262-F8E272540FAF}"
EndProject
Global
	GlobalSection(SolutionConfigurationPlatforms) = preSolution
		Debug|Any CPU = Debug|Any CPU
		Release|Any CPU = Release|Any CPU
	EndGlobalSection
	GlobalSection(ProjectConfigurationPlatforms) = postSolution
		{56D5842C-6002-A30F-8262-F8E272540FAF}.Debug|Any CPU.ActiveCfg = Debug|Any CPU
		{56D5842C-6002-A30F-8262-F8E272540FAF}.Debug|Any CPU.Build.0 = Debug|Any CPU
		{56D5842C-6002-A30F-8262-F8E272540FAF}.Release|Any CPU.ActiveCfg = Release|Any CPU
		{56D5842C-6002-A30F-8262-F8E272540FAF}.Release|Any CPU.Build.0 = Release|Any CPU
	EndGlobalSection
	GlobalSection(SolutionProperties) = preSolution
		HideSolutionNode = FALSE
	EndGlobalSection
	GlobalSection(ExtensibilityGlobals) = postSolution
		SolutionGuid = {FB7EEAE5-D925-485C-98FA-2FB74C64FBC4}
	EndGlobalSection
EndGlobal
